
Microsoft Visual Studio Solution File, Format Version 12.00
# Visual Studio Version 17
VisualStudioVersion = 17.9.34622.214
MinimumVisualStudioVersion = 10.0.40219.1
Project("{FAE04EC0-301F-11D3-BF4B-00C04F79EFBC}") = "EmployeeManagement.Web", "EmployeeManagement.Web\EmployeeManagement.Web.csproj", "{8560ED42-284D-4F3F-9508-31D5D5E5ADE7}"
EndProject
Project("{FAE04EC0-301F-11D3-BF4B-00C04F79EFBC}") = "EmployeeManagement.Services", "EmployeeManagement.Services\EmployeeManagement.Services.csproj", "{32E3B989-E4A7-4D06-B441-FE5A311EC39D}"
EndProject
Project("{FAE04EC0-301F-11D3-BF4B-00C04F79EFBC}") = "EmployeeManagement.Repositories", "EmployeeManagement.Repositories\EmployeeManagement.Repositories.csproj", "{B449A2EF-6F39-425F-87FE-3D228328983D}"
EndProject
Global
	GlobalSection(SolutionConfigurationPlatforms) = preSolution
		Debug|Any CPU = Debug|Any CPU
		Release|Any CPU = Release|Any CPU
	EndGlobalSection
	GlobalSection(ProjectConfigurationPlatforms) = postSolution
		{8560ED42-284D-4F3F-9508-31D5D5E5ADE7}.Debug|Any CPU.ActiveCfg = Debug|Any CPU
		{8560ED42-284D-4F3F-9508-31D5D5E5ADE7}.Debug|Any CPU.Build.0 = Debug|Any CPU
		{8560ED42-284D-4F3F-9508-31D5D5E5ADE7}.Release|Any CPU.ActiveCfg = Release|Any CPU
		{8560ED42-284D-4F3F-9508-31D5D5E5ADE7}.Release|Any CPU.Build.0 = Release|Any CPU
		{32E3B989-E4A7-4D06-B441-FE5A311EC39D}.Debug|Any CPU.ActiveCfg = Debug|Any CPU
		{32E3B989-E4A7-4D06-B441-FE5A311EC39D}.Debug|Any CPU.Build.0 = Debug|Any CPU
		{32E3B989-E4A7-4D06-B441-FE5A311EC39D}.Release|Any CPU.ActiveCfg = Release|Any CPU
		{32E3B989-E4A7-4D06-B441-FE5A311EC39D}.Release|Any CPU.Build.0 = Release|Any CPU
		{B449A2EF-6F39-425F-87FE-3D228328983D}.Debug|Any CPU.ActiveCfg = Debug|Any CPU
		{B449A2EF-6F39-425F-87FE-3D228328983D}.Debug|Any CPU.Build.0 = Debug|Any CPU
		{B449A2EF-6F39-425F-87FE-3D228328983D}.Release|Any CPU.ActiveCfg = Release|Any CPU
		{B449A2EF-6F39-425F-87FE-3D228328983D}.Release|Any CPU.Build.0 = Release|Any CPU
	EndGlobalSection
	GlobalSection(SolutionProperties) = preSolution
		HideSolutionNode = FALSE
	EndGlobalSection
	GlobalSection(ExtensibilityGlobals) = postSolution
		SolutionGuid = {D6E2542A-AFCA-49B2-9ACC-6E92BCD1FB5A}
	EndGlobalSection
EndGlobal
